version = 1
revision = 1
requires-python = ">=3.13"

[[package]]
name = "altgraph"
version = "0.17.4"
source = { registry = "https://pypi.org/simple" }
sdist = { url = "https://files.pythonhosted.org/packages/de/a8/7145824cf0b9e3c28046520480f207df47e927df83aa9555fb47f8505922/altgraph-0.17.4.tar.gz", hash = "sha256:1b5afbb98f6c4dcadb2e2ae6ab9fa994bbb8c1d75f4fa96d340f9437ae454406", size = 48418 }
wheels = [
    { url = "https://files.pythonhosted.org/packages/4d/3f/3bc3f1d83f6e4a7fcb834d3720544ca597590425be5ba9db032b2bf322a2/altgraph-0.17.4-py2.py3-none-any.whl", hash = "sha256:642743b4750de17e655e6711601b077bc6598dbfa3ba5fa2b2a35ce12b508dff", size = 21212 },
]

[[package]]
name = "colorama"
version = "0.4.6"
source = { registry = "https://pypi.org/simple" }
sdist = { url = "https://files.pythonhosted.org/packages/d8/53/6f443c9a4a8358a93a6792e2acffb9d9d5cb0a5cfd8802644b7b1c9a02e4/colorama-0.4.6.tar.gz", hash = "sha256:08695f5cb7ed6e0531a20572697297273c47b8cae5a63ffc6d6ed5c201be6e44", size = 27697 }
wheels = [
    { url = "https://files.pythonhosted.org/packages/d1/d6/3965ed04c63042e047cb6a3e6ed1a63a35087b6a609aa3a15ed8ac56c221/colorama-0.4.6-py2.py3-none-any.whl", hash = "sha256:4f1d9991f5acc0ca119f9d443620b77f9d6b33703e51011c16baf57afb285fc6", size = 25335 },
]

[[package]]
name = "macholib"
version = "1.16.3"
source = { registry = "https://pypi.org/simple" }
dependencies = [
    { name = "altgraph" },
]
sdist = { url = "https://files.pythonhosted.org/packages/95/ee/af1a3842bdd5902ce133bd246eb7ffd4375c38642aeb5dc0ae3a0329dfa2/macholib-1.16.3.tar.gz", hash = "sha256:07ae9e15e8e4cd9a788013d81f5908b3609aa76f9b1421bae9c4d7606ec86a30", size = 59309 }
wheels = [
    { url = "https://files.pythonhosted.org/packages/d1/5d/c059c180c84f7962db0aeae7c3b9303ed1d73d76f2bfbc32bc231c8be314/macholib-1.16.3-py2.py3-none-any.whl", hash = "sha256:0e315d7583d38b8c77e815b1ecbdbf504a8258d8b3e17b61165c6feb60d18f2c", size = 38094 },
]

[[package]]
name = "media-optimizer"
version = "0.3.0"
source = { virtual = "." }
dependencies = [
    { name = "pillow" },
    { name = "pymediainfo" },
    { name = "python-ffmpeg" },
    { name = "questionary" },
    { name = "tqdm" },
]

[package.dev-dependencies]
dev = [
    { name = "pyinstaller" },
    { name = "pylint-per-file-ignores" },
    { name = "types-pillow" },
    { name = "types-tqdm" },
]

[package.metadata]
requires-dist = [
    { name = "pillow", specifier = ">=11.1.0" },
    { name = "pymediainfo", specifier = ">=7.0.1" },
    { name = "python-ffmpeg", specifier = ">=2.0.12" },
    { name = "questionary", specifier = ">=2.1.0" },
    { name = "tqdm", specifier = ">=4.67.1" },
]

[package.metadata.requires-dev]
dev = [
    { name = "pyinstaller", specifier = ">=6.12.0" },
    { name = "pylint-per-file-ignores", specifier = ">=1.4.0" },
    { name = "types-pillow", specifier = ">=10.2.0.20240822" },
    { name = "types-tqdm", specifier = ">=4.67.0.20241221" },
]

[[package]]
name = "packaging"
version = "24.2"
source = { registry = "https://pypi.org/simple" }
sdist = { url = "https://files.pythonhosted.org/packages/d0/63/68dbb6eb2de9cb10ee4c9c14a0148804425e13c4fb20d61cce69f53106da/packaging-24.2.tar.gz", hash = "sha256:c228a6dc5e932d346bc5739379109d49e8853dd8223571c7c5b55260edc0b97f", size = 163950 }
wheels = [
    { url = "https://files.pythonhosted.org/packages/88/ef/eb23f262cca3c0c4eb7ab1933c3b1f03d021f2c48f54763065b6f0e321be/packaging-24.2-py3-none-any.whl", hash = "sha256:09abb1bccd265c01f4a3aa3f7a7db064b36514d2cba19a2f694fe6150451a759", size = 65451 },
]

[[package]]
name = "pefile"
version = "2023.2.7"
source = { registry = "https://pypi.org/simple" }
sdist = { url = "https://files.pythonhosted.org/packages/78/c5/3b3c62223f72e2360737fd2a57c30e5b2adecd85e70276879609a7403334/pefile-2023.2.7.tar.gz", hash = "sha256:82e6114004b3d6911c77c3953e3838654b04511b8b66e8583db70c65998017dc", size = 74854 }
wheels = [
    { url = "https://files.pythonhosted.org/packages/55/26/d0ad8b448476d0a1e8d3ea5622dc77b916db84c6aa3cb1e1c0965af948fc/pefile-2023.2.7-py3-none-any.whl", hash = "sha256:da185cd2af68c08a6cd4481f7325ed600a88f6a813bad9dea07ab3ef73d8d8d6", size = 71791 },
]

[[package]]
name = "pillow"
version = "11.1.0"
source = { registry = "https://pypi.org/simple" }
sdist = { url = "https://files.pythonhosted.org/packages/f3/af/c097e544e7bd278333db77933e535098c259609c4eb3b85381109602fb5b/pillow-11.1.0.tar.gz", hash = "sha256:368da70808b36d73b4b390a8ffac11069f8a5c85f29eff1f1b01bcf3ef5b2a20", size = 46742715 }
wheels = [
    { url = "https://files.pythonhosted.org/packages/b3/31/9ca79cafdce364fd5c980cd3416c20ce1bebd235b470d262f9d24d810184/pillow-11.1.0-cp313-cp313-macosx_10_13_x86_64.whl", hash = "sha256:ae98e14432d458fc3de11a77ccb3ae65ddce70f730e7c76140653048c71bfcbc", size = 3226640 },
    { url = "https://files.pythonhosted.org/packages/ac/0f/ff07ad45a1f172a497aa393b13a9d81a32e1477ef0e869d030e3c1532521/pillow-11.1.0-cp313-cp313-macosx_11_0_arm64.whl", hash = "sha256:cc1331b6d5a6e144aeb5e626f4375f5b7ae9934ba620c0ac6b3e43d5e683a0f0", size = 3101437 },
    { url = "https://files.pythonhosted.org/packages/08/2f/9906fca87a68d29ec4530be1f893149e0cb64a86d1f9f70a7cfcdfe8ae44/pillow-11.1.0-cp313-cp313-manylinux_2_17_aarch64.manylinux2014_aarch64.whl", hash = "sha256:758e9d4ef15d3560214cddbc97b8ef3ef86ce04d62ddac17ad39ba87e89bd3b1", size = 4326605 },
    { url = "https://files.pythonhosted.org/packages/b0/0f/f3547ee15b145bc5c8b336401b2d4c9d9da67da9dcb572d7c0d4103d2c69/pillow-11.1.0-cp313-cp313-manylinux_2_17_x86_64.manylinux2014_x86_64.whl", hash = "sha256:b523466b1a31d0dcef7c5be1f20b942919b62fd6e9a9be199d035509cbefc0ec", size = 4411173 },
    { url = "https://files.pythonhosted.org/packages/b1/df/bf8176aa5db515c5de584c5e00df9bab0713548fd780c82a86cba2c2fedb/pillow-11.1.0-cp313-cp313-manylinux_2_28_aarch64.whl", hash = "sha256:9044b5e4f7083f209c4e35aa5dd54b1dd5b112b108648f5c902ad586d4f945c5", size = 4369145 },
    { url = "https://files.pythonhosted.org/packages/de/7c/7433122d1cfadc740f577cb55526fdc39129a648ac65ce64db2eb7209277/pillow-11.1.0-cp313-cp313-manylinux_2_28_x86_64.whl", hash = "sha256:3764d53e09cdedd91bee65c2527815d315c6b90d7b8b79759cc48d7bf5d4f114", size = 4496340 },
    { url = "https://files.pythonhosted.org/packages/25/46/dd94b93ca6bd555588835f2504bd90c00d5438fe131cf01cfa0c5131a19d/pillow-11.1.0-cp313-cp313-musllinux_1_2_aarch64.whl", hash = "sha256:31eba6bbdd27dde97b0174ddf0297d7a9c3a507a8a1480e1e60ef914fe23d352", size = 4296906 },
    { url = "https://files.pythonhosted.org/packages/a8/28/2f9d32014dfc7753e586db9add35b8a41b7a3b46540e965cb6d6bc607bd2/pillow-11.1.0-cp313-cp313-musllinux_1_2_x86_64.whl", hash = "sha256:b5d658fbd9f0d6eea113aea286b21d3cd4d3fd978157cbf2447a6035916506d3", size = 4431759 },
    { url = "https://files.pythonhosted.org/packages/33/48/19c2cbe7403870fbe8b7737d19eb013f46299cdfe4501573367f6396c775/pillow-11.1.0-cp313-cp313-win32.whl", hash = "sha256:f86d3a7a9af5d826744fabf4afd15b9dfef44fe69a98541f666f66fbb8d3fef9", size = 2291657 },
    { url = "https://files.pythonhosted.org/packages/3b/ad/285c556747d34c399f332ba7c1a595ba245796ef3e22eae190f5364bb62b/pillow-11.1.0-cp313-cp313-win_amd64.whl", hash = "sha256:593c5fd6be85da83656b93ffcccc2312d2d149d251e98588b14fbc288fd8909c", size = 2626304 },
    { url = "https://files.pythonhosted.org/packages/e5/7b/ef35a71163bf36db06e9c8729608f78dedf032fc8313d19bd4be5c2588f3/pillow-11.1.0-cp313-cp313-win_arm64.whl", hash = "sha256:11633d58b6ee5733bde153a8dafd25e505ea3d32e261accd388827ee987baf65", size = 2375117 },
    { url = "https://files.pythonhosted.org/packages/79/30/77f54228401e84d6791354888549b45824ab0ffde659bafa67956303a09f/pillow-11.1.0-cp313-cp313t-macosx_10_13_x86_64.whl", hash = "sha256:70ca5ef3b3b1c4a0812b5c63c57c23b63e53bc38e758b37a951e5bc466449861", size = 3230060 },
    { url = "https://files.pythonhosted.org/packages/ce/b1/56723b74b07dd64c1010fee011951ea9c35a43d8020acd03111f14298225/pillow-11.1.0-cp313-cp313t-macosx_11_0_arm64.whl", hash = "sha256:8000376f139d4d38d6851eb149b321a52bb8893a88dae8ee7d95840431977081", size = 3106192 },
    { url = "https://files.pythonhosted.org/packages/e1/cd/7bf7180e08f80a4dcc6b4c3a0aa9e0b0ae57168562726a05dc8aa8fa66b0/pillow-11.1.0-cp313-cp313t-manylinux_2_17_x86_64.manylinux2014_x86_64.whl", hash = "sha256:9ee85f0696a17dd28fbcfceb59f9510aa71934b483d1f5601d1030c3c8304f3c", size = 4446805 },
    { url = "https://files.pythonhosted.org/packages/97/42/87c856ea30c8ed97e8efbe672b58c8304dee0573f8c7cab62ae9e31db6ae/pillow-11.1.0-cp313-cp313t-manylinux_2_28_x86_64.whl", hash = "sha256:dd0e081319328928531df7a0e63621caf67652c8464303fd102141b785ef9547", size = 4530623 },
    { url = "https://files.pythonhosted.org/packages/ff/41/026879e90c84a88e33fb00cc6bd915ac2743c67e87a18f80270dfe3c2041/pillow-11.1.0-cp313-cp313t-musllinux_1_2_x86_64.whl", hash = "sha256:e63e4e5081de46517099dc30abe418122f54531a6ae2ebc8680bcd7096860eab", size = 4465191 },
    { url = "https://files.pythonhosted.org/packages/e5/fb/a7960e838bc5df57a2ce23183bfd2290d97c33028b96bde332a9057834d3/pillow-11.1.0-cp313-cp313t-win32.whl", hash = "sha256:dda60aa465b861324e65a78c9f5cf0f4bc713e4309f83bc387be158b077963d9", size = 2295494 },
    { url = "https://files.pythonhosted.org/packages/d7/6c/6ec83ee2f6f0fda8d4cf89045c6be4b0373ebfc363ba8538f8c999f63fcd/pillow-11.1.0-cp313-cp313t-win_amd64.whl", hash = "sha256:ad5db5781c774ab9a9b2c4302bbf0c1014960a0a7be63278d13ae6fdf88126fe", size = 2631595 },
    { url = "https://files.pythonhosted.org/packages/cf/6c/41c21c6c8af92b9fea313aa47c75de49e2f9a467964ee33eb0135d47eb64/pillow-11.1.0-cp313-cp313t-win_arm64.whl", hash = "sha256:67cd427c68926108778a9005f2a04adbd5e67c442ed21d95389fe1d595458756", size = 2377651 },
]

[[package]]
name = "prompt-toolkit"
version = "3.0.50"
source = { registry = "https://pypi.org/simple" }
dependencies = [
    { name = "wcwidth" },
]
sdist = { url = "https://files.pythonhosted.org/packages/a1/e1/bd15cb8ffdcfeeb2bdc215de3c3cffca11408d829e4b8416dcfe71ba8854/prompt_toolkit-3.0.50.tar.gz", hash = "sha256:544748f3860a2623ca5cd6d2795e7a14f3d0e1c3c9728359013f79877fc89bab", size = 429087 }
wheels = [
    { url = "https://files.pythonhosted.org/packages/e4/ea/d836f008d33151c7a1f62caf3d8dd782e4d15f6a43897f64480c2b8de2ad/prompt_toolkit-3.0.50-py3-none-any.whl", hash = "sha256:9b6427eb19e479d98acff65196a307c555eb567989e6d88ebbb1b509d9779198", size = 387816 },
]

[[package]]
name = "pyee"
version = "12.1.1"
source = { registry = "https://pypi.org/simple" }
dependencies = [
    { name = "typing-extensions" },
]
sdist = { url = "https://files.pythonhosted.org/packages/0a/37/8fb6e653597b2b67ef552ed49b438d5398ba3b85a9453f8ada0fd77d455c/pyee-12.1.1.tar.gz", hash = "sha256:bbc33c09e2ff827f74191e3e5bbc6be7da02f627b7ec30d86f5ce1a6fb2424a3", size = 30915 }
wheels = [
    { url = "https://files.pythonhosted.org/packages/25/68/7e150cba9eeffdeb3c5cecdb6896d70c8edd46ce41c0491e12fb2b2256ff/pyee-12.1.1-py3-none-any.whl", hash = "sha256:18a19c650556bb6b32b406d7f017c8f513aceed1ef7ca618fb65de7bd2d347ef", size = 15527 },
]

[[package]]
name = "pyinstaller"
version = "6.12.0"
source = { registry = "https://pypi.org/simple" }
dependencies = [
    { name = "altgraph" },
    { name = "macholib", marker = "sys_platform == 'darwin'" },
    { name = "packaging" },
    { name = "pefile", marker = "sys_platform == 'win32'" },
    { name = "pyinstaller-hooks-contrib" },
    { name = "pywin32-ctypes", marker = "sys_platform == 'win32'" },
    { name = "setuptools" },
]
sdist = { url = "https://files.pythonhosted.org/packages/10/c0/001e86a13f9f6104613f198721c72d377fa1fc2a09550cfe1ac9a1d12406/pyinstaller-6.12.0.tar.gz", hash = "sha256:1834797be48ce1b26015af68bdeb3c61a6c7500136f04e0fc65e468115dec777", size = 4267132 }
wheels = [
    { url = "https://files.pythonhosted.org/packages/b2/73/b897a3fda99a14130111abdb978d63da14cbc9932497b5e5064c5fe28187/pyinstaller-6.12.0-py3-none-macosx_10_13_universal2.whl", hash = "sha256:68f1e4cecf88a6272063977fa2a2c69ad37cf568e5901769d7206d0314c74f47", size = 997954 },
    { url = "https://files.pythonhosted.org/packages/4a/bc/0929ed6aca3c5ff3f20f8cfd4f2f7e90f18c9465440e0d151d56d8170851/pyinstaller-6.12.0-py3-none-manylinux2014_aarch64.whl", hash = "sha256:fea76fc9b55ffa730fcf90beb897cce4399938460b0b6f40507fbebfc752c753", size = 714097 },
    { url = "https://files.pythonhosted.org/packages/e1/9a/422d5eb04132e4a4735ca9099a53511324ff7d387b80231fe8dbd67bf322/pyinstaller-6.12.0-py3-none-manylinux2014_i686.whl", hash = "sha256:dac8a27988dbc33cdc34f2046803258bc3f6829de24de52745a5daa22bdba0f1", size = 724471 },
    { url = "https://files.pythonhosted.org/packages/64/1c/5028ba2e09f5b57f6792e9d88e888725224f8f016a07666e48664f6a9fcf/pyinstaller-6.12.0-py3-none-manylinux2014_ppc64le.whl", hash = "sha256:83c7f3bde9871b4a6aa71c66a96e8ba5c21668ce711ed97f510b9382d10aac6c", size = 722753 },
    { url = "https://files.pythonhosted.org/packages/6f/d9/e7742caf4c4dc07d13e355ad2c14c7844c9bb2e66dea4f3386b4644bd106/pyinstaller-6.12.0-py3-none-manylinux2014_s390x.whl", hash = "sha256:a69818815c6e0711c727edc30680cb1f81c691b59de35db81a2d9e0ae26a9ef1", size = 720906 },
    { url = "https://files.pythonhosted.org/packages/80/2b/14404f2dc95d1ec94d08879c62a76d5f26a176fab99fb023c2c70d2ff500/pyinstaller-6.12.0-py3-none-manylinux2014_x86_64.whl", hash = "sha256:a2abf5fde31a8b38b6df7939bcef8ac1d0c51e97e25317ce3555cd675259750f", size = 716959 },
    { url = "https://files.pythonhosted.org/packages/11/a6/5c3a233cf19aa6d4caacf62f7ee1c728486cc20b73f5817be17485d7b7ff/pyinstaller-6.12.0-py3-none-musllinux_1_1_aarch64.whl", hash = "sha256:8e92e9873a616547bbabbb5a3a9843d5f2ab40c3d8b26810acdf0fe257bee4cf", size = 719414 },
    { url = "https://files.pythonhosted.org/packages/24/57/069d35236806b281a3331ef00ff94e43f3b91e4b36350de8b40b4baf9fd3/pyinstaller-6.12.0-py3-none-musllinux_1_1_x86_64.whl", hash = "sha256:aefe502d55c9cf6aeaed7feba80b5f8491ce43f8f2b5fe2d9aadca3ee5a05bc4", size = 715903 },
    { url = "https://files.pythonhosted.org/packages/4d/5f/857de8798836f9d16a620bd0a7c8899bba05b5fda7b3b4432762f148a86d/pyinstaller-6.12.0-py3-none-win32.whl", hash = "sha256:138856a5a503bb69c066377e0a22671b0db063e9cc14d5cf5c798a53561200d3", size = 1290980 },
    { url = "https://files.pythonhosted.org/packages/99/6e/d7d76d4d15f6351f1f942256633b795eec3d6c691d985869df1bf319cd9d/pyinstaller-6.12.0-py3-none-win_amd64.whl", hash = "sha256:0e62d3906309248409f215b386f33afec845214e69cc0f296b93222b26a88f43", size = 1348786 },
    { url = "https://files.pythonhosted.org/packages/47/c2/298ad6a3aa2cacb55cbc1f845068dc1e4a6c966082ffa0e19c69084cbc42/pyinstaller-6.12.0-py3-none-win_arm64.whl", hash = "sha256:0c271896a3a168f4f91827145702543db9c5427f4c7372a6df8c75925a3ac18a", size = 1289617 },
]

[[package]]
name = "pyinstaller-hooks-contrib"
version = "2025.1"
source = { registry = "https://pypi.org/simple" }
dependencies = [
    { name = "packaging" },
    { name = "setuptools" },
]
sdist = { url = "https://files.pythonhosted.org/packages/2f/1b/dc256d42f4217db99b50d6d32dbbf841a41b9615506cde77d2345d94f4a5/pyinstaller_hooks_contrib-2025.1.tar.gz", hash = "sha256:130818f9e9a0a7f2261f1fd66054966a3a50c99d000981c5d1db11d3ad0c6ab2", size = 147043 }
wheels = [
    { url = "https://files.pythonhosted.org/packages/b7/48/833d67a585275e395f351e5787b4b7a8d462d87bca22a8c038f6ffdc2b3c/pyinstaller_hooks_contrib-2025.1-py3-none-any.whl", hash = "sha256:d3c799470cbc0bda60dcc8e6b4ab976777532b77621337f2037f558905e3a8e9", size = 346409 },
]

[[package]]
name = "pylint-per-file-ignores"
version = "1.4.0"
source = { registry = "https://pypi.org/simple" }
sdist = { url = "https://files.pythonhosted.org/packages/a5/3d/21bec2f2f432519616c34a64ba0766ef972fdfb6234a86bb1b8baf4b0c7c/pylint_per_file_ignores-1.4.0.tar.gz", hash = "sha256:c0de7b3d0169571aefaa1ac3a82a265641b8825b54a0b6f5ef27c3b76b988609", size = 4419 }
wheels = [
    { url = "https://files.pythonhosted.org/packages/94/0e/bf3473d86648a17e6dd6ee9e6abce526b077169031177f4f2031368f864a/pylint_per_file_ignores-1.4.0-py3-none-any.whl", hash = "sha256:0cd82d22551738b4e63a0aa1dab2a1fc4016e8f27f1429159616483711e122fd", size = 4888 },
]

[[package]]
name = "pymediainfo"
version = "7.0.1"
source = { registry = "https://pypi.org/simple" }
sdist = { url = "https://files.pythonhosted.org/packages/4d/80/80a6fb21005b81e30f6193d45cba13857df09f5d483e0551fa6fbb3aaeed/pymediainfo-7.0.1.tar.gz", hash = "sha256:0d5df59ecc615e24c56f303b8f651579c6accab7265715e5d429186d7ba21514", size = 441563 }
wheels = [
    { url = "https://files.pythonhosted.org/packages/a6/4a/d895646df3d3ff617b54d7f06a02ed9d6f5b86673030a543927310e0f7ed/pymediainfo-7.0.1-py3-none-macosx_10_10_universal2.whl", hash = "sha256:286f3bf6299be0997093254e0f371855bc5cf2aaf8641d19455a011e3ee3a84d", size = 6983332 },
    { url = "https://files.pythonhosted.org/packages/77/df/bc6b5a08e908c64a81f6ff169716d408ce7380ceff44e1eceb095f49e0dc/pymediainfo-7.0.1-py3-none-manylinux_2_27_aarch64.whl", hash = "sha256:3648e2379fa67bd02433d1e28c707df3a53834dd480680615a9fefd2266f1182", size = 5768082 },
    { url = "https://files.pythonhosted.org/packages/02/10/a9bc1446a48d3a15940eb1af79a71978f368f27e2cc86f9ec3ec2d206a20/pymediainfo-7.0.1-py3-none-manylinux_2_27_x86_64.whl", hash = "sha256:cde98112f1ce486589b17a12e5da42085faea996224f7c67fa45b8c1dca719c6", size = 6001553 },
    { url = "https://files.pythonhosted.org/packages/ed/7f/c48f8514cb60c9ff9be81b6f383e73e66c7461ef854a1b62628e3c823f13/pymediainfo-7.0.1-py3-none-win32.whl", hash = "sha256:01bcaf82b72cefbf4b96f13b2547e1b2e0e734bab7173d7c33f7f01acc07c98b", size = 3125046 },
    { url = "https://files.pythonhosted.org/packages/e7/26/9d50c2a330541bc36c0ea7ce29eeff5b0c35c2624139660df8bcfa9ae3ce/pymediainfo-7.0.1-py3-none-win_amd64.whl", hash = "sha256:13224fa7590e198763b8baf072e704ea81d334e71aa32a469091460e243893c7", size = 3271232 },
]

[[package]]
name = "python-ffmpeg"
version = "2.0.12"
source = { registry = "https://pypi.org/simple" }
dependencies = [
    { name = "pyee" },
    { name = "typing-extensions" },
]
sdist = { url = "https://files.pythonhosted.org/packages/dd/4d/7ecffb341d646e016be76e36f5a42cb32f409c9ca21a57b68f067fad3fc7/python_ffmpeg-2.0.12.tar.gz", hash = "sha256:19ac80af5a064a2f53c245af1a909b2d7648ea045500d96d3bcd507b88d43dc7", size = 14126292 }
wheels = [
    { url = "https://files.pythonhosted.org/packages/7f/6d/02e817aec661defe148cb9eb0c4eca2444846305f625c2243fb9f92a9045/python_ffmpeg-2.0.12-py3-none-any.whl", hash = "sha256:d86697da8dfb39335183e336d31baf42fb217468adf5ac97fd743898240faae3", size = 14411 },
]

[[package]]
name = "pywin32-ctypes"
version = "0.2.3"
source = { registry = "https://pypi.org/simple" }
sdist = { url = "https://files.pythonhosted.org/packages/85/9f/01a1a99704853cb63f253eea009390c88e7131c67e66a0a02099a8c917cb/pywin32-ctypes-0.2.3.tar.gz", hash = "sha256:d162dc04946d704503b2edc4d55f3dba5c1d539ead017afa00142c38b9885755", size = 29471 }
wheels = [
    { url = "https://files.pythonhosted.org/packages/de/3d/8161f7711c017e01ac9f008dfddd9410dff3674334c233bde66e7ba65bbf/pywin32_ctypes-0.2.3-py3-none-any.whl", hash = "sha256:8a1513379d709975552d202d942d9837758905c8d01eb82b8bcc30918929e7b8", size = 30756 },
]

[[package]]
name = "questionary"
version = "2.1.0"
source = { registry = "https://pypi.org/simple" }
dependencies = [
    { name = "prompt-toolkit" },
]
sdist = { url = "https://files.pythonhosted.org/packages/a8/b8/d16eb579277f3de9e56e5ad25280fab52fc5774117fb70362e8c2e016559/questionary-2.1.0.tar.gz", hash = "sha256:6302cdd645b19667d8f6e6634774e9538bfcd1aad9be287e743d96cacaf95587", size = 26775 }
wheels = [
    { url = "https://files.pythonhosted.org/packages/ad/3f/11dd4cd4f39e05128bfd20138faea57bec56f9ffba6185d276e3107ba5b2/questionary-2.1.0-py3-none-any.whl", hash = "sha256:44174d237b68bc828e4878c763a9ad6790ee61990e0ae72927694ead57bab8ec", size = 36747 },
]

[[package]]
name = "setuptools"
version = "76.0.0"
source = { registry = "https://pypi.org/simple" }
sdist = { url = "https://files.pythonhosted.org/packages/32/d2/7b171caf085ba0d40d8391f54e1c75a1cda9255f542becf84575cfd8a732/setuptools-76.0.0.tar.gz", hash = "sha256:43b4ee60e10b0d0ee98ad11918e114c70701bc6051662a9a675a0496c1a158f4", size = 1349387 }
wheels = [
    { url = "https://files.pythonhosted.org/packages/37/66/d2d7e6ad554f3a7c7297c3f8ef6e22643ad3d35ef5c63bf488bc89f32f31/setuptools-76.0.0-py3-none-any.whl", hash = "sha256:199466a166ff664970d0ee145839f5582cb9bca7a0a3a2e795b6a9cb2308e9c6", size = 1236106 },
]

[[package]]
name = "tqdm"
version = "4.67.1"
source = { registry = "https://pypi.org/simple" }
dependencies = [
    { name = "colorama", marker = "sys_platform == 'win32'" },
]
sdist = { url = "https://files.pythonhosted.org/packages/a8/4b/29b4ef32e036bb34e4ab51796dd745cdba7ed47ad142a9f4a1eb8e0c744d/tqdm-4.67.1.tar.gz", hash = "sha256:f8aef9c52c08c13a65f30ea34f4e5aac3fd1a34959879d7e59e63027286627f2", size = 169737 }
wheels = [
    { url = "https://files.pythonhosted.org/packages/d0/30/dc54f88dd4a2b5dc8a0279bdd7270e735851848b762aeb1c1184ed1f6b14/tqdm-4.67.1-py3-none-any.whl", hash = "sha256:26445eca388f82e72884e0d580d5464cd801a3ea01e63e5601bdff9ba6a48de2", size = 78540 },
]

[[package]]
name = "types-pillow"
version = "10.2.0.20240822"
source = { registry = "https://pypi.org/simple" }
sdist = { url = "https://files.pythonhosted.org/packages/18/4a/4495264dddaa600d65d68bcedb64dcccf9d9da61adff51f7d2ffd8e4c9ce/types-Pillow-10.2.0.20240822.tar.gz", hash = "sha256:559fb52a2ef991c326e4a0d20accb3bb63a7ba8d40eb493e0ecb0310ba52f0d3", size = 35389 }
wheels = [
    { url = "https://files.pythonhosted.org/packages/66/23/e81a5354859831fcf54d488d33b80ba6133ea84f874a9c0ec40a4881e133/types_Pillow-10.2.0.20240822-py3-none-any.whl", hash = "sha256:d9dab025aba07aeb12fd50a6799d4eac52a9603488eca09d7662543983f16c5d", size = 54354 },
]

[[package]]
name = "types-requests"
version = "2.32.0.20241016"
source = { registry = "https://pypi.org/simple" }
dependencies = [
    { name = "urllib3" },
]
sdist = { url = "https://files.pythonhosted.org/packages/fa/3c/4f2a430c01a22abd49a583b6b944173e39e7d01b688190a5618bd59a2e22/types-requests-2.32.0.20241016.tar.gz", hash = "sha256:0d9cad2f27515d0e3e3da7134a1b6f28fb97129d86b867f24d9c726452634d95", size = 18065 }
wheels = [
    { url = "https://files.pythonhosted.org/packages/d7/01/485b3026ff90e5190b5e24f1711522e06c79f4a56c8f4b95848ac072e20f/types_requests-2.32.0.20241016-py3-none-any.whl", hash = "sha256:4195d62d6d3e043a4eaaf08ff8a62184584d2e8684e9d2aa178c7915a7da3747", size = 15836 },
]

[[package]]
name = "types-tqdm"
version = "4.67.0.20241221"
source = { registry = "https://pypi.org/simple" }
dependencies = [
    { name = "types-requests" },
]
sdist = { url = "https://files.pythonhosted.org/packages/0d/4f/70760ecc463f3383826666837f28d6e328ff28749fea7fd250f04c861708/types_tqdm-4.67.0.20241221.tar.gz", hash = "sha256:e56046631056922385abe89aeb18af5611f471eadd7918a0ad7f34d84cd4c8cc", size = 16858 }
wheels = [
    { url = "https://files.pythonhosted.org/packages/e5/e9/9832ef6d017d12b6b4740d7c4dd4eab31867c92ab2c95331d5cb4632fb22/types_tqdm-4.67.0.20241221-py3-none-any.whl", hash = "sha256:a1f1c9cda5c2d8482d2c73957a5398bfdedda10f6bc7b3b4e812d5c910486d29", size = 24098 },
]

[[package]]
name = "typing-extensions"
version = "4.12.2"
source = { registry = "https://pypi.org/simple" }
sdist = { url = "https://files.pythonhosted.org/packages/df/db/f35a00659bc03fec321ba8bce9420de607a1d37f8342eee1863174c69557/typing_extensions-4.12.2.tar.gz", hash = "sha256:1a7ead55c7e559dd4dee8856e3a88b41225abfe1ce8df57b7c13915fe121ffb8", size = 85321 }
wheels = [
    { url = "https://files.pythonhosted.org/packages/26/9f/ad63fc0248c5379346306f8668cda6e2e2e9c95e01216d2b8ffd9ff037d0/typing_extensions-4.12.2-py3-none-any.whl", hash = "sha256:04e5ca0351e0f3f85c6853954072df659d0d13fac324d0072316b67d7794700d", size = 37438 },
]

[[package]]
name = "urllib3"
version = "2.3.0"
source = { registry = "https://pypi.org/simple" }
sdist = { url = "https://files.pythonhosted.org/packages/aa/63/e53da845320b757bf29ef6a9062f5c669fe997973f966045cb019c3f4b66/urllib3-2.3.0.tar.gz", hash = "sha256:f8c5449b3cf0861679ce7e0503c7b44b5ec981bec0d1d3795a07f1ba96f0204d", size = 307268 }
wheels = [
    { url = "https://files.pythonhosted.org/packages/c8/19/4ec628951a74043532ca2cf5d97b7b14863931476d117c471e8e2b1eb39f/urllib3-2.3.0-py3-none-any.whl", hash = "sha256:1cee9ad369867bfdbbb48b7dd50374c0967a0bb7710050facf0dd6911440e3df", size = 128369 },
]

[[package]]
name = "wcwidth"
version = "0.2.13"
source = { registry = "https://pypi.org/simple" }
sdist = { url = "https://files.pythonhosted.org/packages/6c/63/53559446a878410fc5a5974feb13d31d78d752eb18aeba59c7fef1af7598/wcwidth-0.2.13.tar.gz", hash = "sha256:72ea0c06399eb286d978fdedb6923a9eb47e1c486ce63e9b4e64fc18303972b5", size = 101301 }
wheels = [
    { url = "https://files.pythonhosted.org/packages/fd/84/fd2ba7aafacbad3c4201d395674fc6348826569da3c0937e75505ead3528/wcwidth-0.2.13-py2.py3-none-any.whl", hash = "sha256:3da69048e4540d84af32131829ff948f1e022c1c6bdb8d6102117aac784f6859", size = 34166 },
]
